
Microsoft Visual Studio Solution File, Format Version 12.00
# Visual Studio Version 16
VisualStudioVersion = 16.0.31402.337
MinimumVisualStudioVersion = 10.0.40219.1
Project("{FAE04EC0-301F-11D3-BF4B-00C04F79EFBC}") = "TestProje", "TestProje\TestProje.csproj", "{656D75A5-516A-4781-A2B3-FEC774CD5C50}"
EndProject
Global
	GlobalSection(SolutionConfigurationPlatforms) = preSolution
		Debug|Any CPU = Debug|Any CPU
		Release|Any CPU = Release|Any CPU
	EndGlobalSection
	GlobalSection(ProjectConfigurationPlatforms) = postSolution
		{656D75A5-516A-4781-A2B3-FEC774CD5C50}.Debug|Any CPU.ActiveCfg = Debug|Any CPU
		{656D75A5-516A-4781-A2B3-FEC774CD5C50}.Debug|Any CPU.Build.0 = Debug|Any CPU
		{656D75A5-516A-4781-A2B3-FEC774CD5C50}.Release|Any CPU.ActiveCfg = Release|Any CPU
		{656D75A5-516A-4781-A2B3-FEC774CD5C50}.Release|Any CPU.Build.0 = Release|Any CPU
	EndGlobalSection
	GlobalSection(SolutionProperties) = preSolution
		HideSolutionNode = FALSE
	EndGlobalSection
	GlobalSection(ExtensibilityGlobals) = postSolution
		SolutionGuid = {FE3D7962-5646-4A80-AE2F-C990C110E625}
	EndGlobalSection
EndGlobal
